PODS:
  - MBProgressHUD (1.2.0)

DEPENDENCIES:
  - MBProgressHUD (= 1.2.0)

SPEC REPOS:
  https://mirrors.tuna.tsinghua.edu.cn/git/CocoaPods/Specs.git:
    - MBProgressHUD

SPEC CHECKSUMS:
  MBProgressHUD: 3ee5efcc380f6a79a7cc9b363dd669c5e1ae7406

PODFILE CHECKSUM: 329651b2b60cbe48a57df5d24473ebe7b82d9da7

COCOAPODS: 1.11.3
